// !$*UTF8*$!
{
	archiveVersion = 1;
	classes = {
	};
	objectVersion = 55;
	objects = {

/* Begin PBXBuildFile section */
		F7A964B72799B68F0058C228 /* GreeedyiOSApp.swift in Sources */ = {isa = PBXBuildFile; fileRef = F7A964B62799B68F0058C228 /* GreeedyiOSApp.swift */; };
		F7A964B92799B68F0058C228 /* ContentView.swift in Sources */ = {isa = PBXBuildFile; fileRef = F7A964B82799B68F0058C228 /* ContentView.swift */; };
		F7A964BB2799B6930058C228 /* Assets.xcassets in Resources */ = {isa = PBXBuildFile; fileRef = F7A964BA2799B6930058C228 /* Assets.xcassets */; };
		F7A964BE2799B6930058C228 /* Preview Assets.xcassets in Resources */ = {isa = PBXBuildFile; fileRef = F7A964BD2799B6930058C228 /* Preview Assets.xcassets */; };
		F7A964C82799B6940058C228 /* GreeedyiOSTests.swift in Sources */ = {isa = PBXBuildFile; fileRef = F7A964C72799B6940058C228 /* GreeedyiOSTests.swift */; };
		F7A964D22799B6940058C228 /* GreeedyiOSUITests.swift in Sources */ = {isa = PBXBuildFile; fileRef = F7A964D12799B6940058C228 /* GreeedyiOSUITests.swift */; };
		F7A964D42799B6940058C228 /* GreeedyiOSUITestsLaunchTests.swift in Sources */ = {isa = PBXBuildFile; fileRef = F7A964D32799B6940058C228 /* GreeedyiOSUITestsLaunchTests.swift */; };
/* End PBXBuildFile section */

/* Begin PBXContainerItemProxy section */
		F7A964C42799B6940058C228 /* PBXContainerItemProxy */ = {
			isa = PBXContainerItemProxy;
			containerPortal = F7A964AB2799B68F0058C228 /* Project object */;
			proxyType = 1;
			remoteGlobalIDString = F7A964B22799B68F0058C228;
			remoteInfo = GreeedyiOS;
		};
		F7A964CE2799B6940058C228 /* PBXContainerItemProxy */ = {
			isa = PBXContainerItemProxy;
			containerPortal = F7A964AB2799B68F0058C228 /* Project object */;
			proxyType = 1;
			remoteGlobalIDString = F7A964B22799B68F0058C228;
			remoteInfo = GreeedyiOS;
		};
/* End PBXContainerItemProxy section */

/* Begin PBXFileReference section */
		F7A964B32799B68F0058C228 /* GreeedyiOS.app */ = {isa = PBXFileReference; explicitFileType = wrapper.application; includeInIndex = 0; path = GreeedyiOS.app; sourceTree = BUILT_PRODUCTS_DIR; };
		F7A964B62799B68F0058C228 /* GreeedyiOSApp.swift */ = {isa = PBXFileReference; lastKnownFileType = sourcecode.swift; path = GreeedyiOSApp.swift; sourceTree = "<group>"; };
		F7A964B82799B68F0058C228 /* ContentView.swift */ = {isa = PBXFileReference; lastKnownFileType = sourcecode.swift; path = ContentView.swift; sourceTree = "<group>"; };
		F7A964BA2799B6930058C228 /* Assets.xcassets */ = {isa = PBXFileReference; lastKnownFileType = folder.assetcatalog; path = Assets.xcassets; sourceTree = "<group>"; };
		F7A964BD2799B6930058C228 /* Preview Assets.xcassets */ = {isa = PBXFileReference; lastKnownFileType = folder.assetcatalog; path = "Preview Assets.xcassets"; sourceTree = "<group>"; };
		F7A964C32799B6940058C228 /* GreeedyiOSTests.xctest */ = {isa = PBXFileReference; explicitFileType = wrapper.cfbundle; includeInIndex = 0; path = GreeedyiOSTests.xctest; sourceTree = BUILT_PRODUCTS_DIR; };
		F7A964C72799B6940058C228 /* GreeedyiOSTests.swift */ = {isa = PBXFileReference; lastKnownFileType = sourcecode.swift; path = GreeedyiOSTests.swift; sourceTree = "<group>"; };
		F7A964CD2799B6940058C228 /* GreeedyiOSUITests.xctest */ = {isa = PBXFileReference; explicitFileType = wrapper.cfbundle; includeInIndex = 0; path = GreeedyiOSUITests.xctest; sourceTree = BUILT_PRODUCTS_DIR; };
		F7A964D12799B6940058C228 /* GreeedyiOSUITests.swift */ = {isa = PBXFileReference; lastKnownFileType = sourcecode.swift; path = GreeedyiOSUITests.swift; sourceTree = "<group>"; };
		F7A964D32799B6940058C228 /* GreeedyiOSUITestsLaunchTests.swift */ = {isa = PBXFileReference; lastKnownFileType = sourcecode.swift; path = GreeedyiOSUITestsLaunchTests.swift; sourceTree = "<group>"; };
/* End PBXFileReference section */

/* Begin PBXFrameworksBuildPhase section */
		F7A964B02799B68F0058C228 /* Frameworks */ = {
			isa = PBXFrameworksBuildPhase;
			buildActionMask = 2147483647;
			files = (
			);
			runOnlyForDeploymentPostprocessing = 0;
		};
		F7A964C02799B6940058C228 /* Frameworks */ = {
			isa = PBXFrameworksBuildPhase;
			buildActionMask = 2147483647;
			files = (
			);
			runOnlyForDeploymentPostprocessing = 0;
		};
		F7A964CA2799B6940058C228 /* Frameworks */ = {
			isa = PBXFrameworksBuildPhase;
			buildActionMask = 2147483647;
			files = (
			);
			runOnlyForDeploymentPostprocessing = 0;
		};
/* End PBXFrameworksBuildPhase section */

/* Begin PBXGroup section */
		F7A964AA2799B68F0058C228 = {
			isa = PBXGroup;
			children = (
				F7A964B52799B68F0058C228 /* GreeedyiOS */,
				F7A964C62799B6940058C228 /* GreeedyiOSTests */,
				F7A964D02799B6940058C228 /* GreeedyiOSUITests */,
				F7A964B42799B68F0058C228 /* Products */,
			);
			sourceTree = "<group>";
		};
		F7A964B42799B68F0058C228 /* Products */ = {
			isa = PBXGroup;
			children = (
				F7A964B32799B68F0058C228 /* GreeedyiOS.app */,
				F7A964C32799B6940058C228 /* GreeedyiOSTests.xctest */,
				F7A964CD2799B6940058C228 /* GreeedyiOSUITests.xctest */,
			);
			name = Products;
			sourceTree = "<group>";
		};
		F7A964B52799B68F0058C228 /* GreeedyiOS */ = {
			isa = PBXGroup;
			children = (
				F7A964B62799B68F0058C228 /* GreeedyiOSApp.swift */,
				F7A964B82799B68F0058C228 /* ContentView.swift */,
				F7A964BA2799B6930058C228 /* Assets.xcassets */,
				F7A964BC2799B6930058C228 /* Preview Content */,
			);
			path = GreeedyiOS;
			sourceTree = "<group>";
		};
		F7A964BC2799B6930058C228 /* Preview Content */ = {
			isa = PBXGroup;
			children = (
				F7A964BD2799B6930058C228 /* Preview Assets.xcassets */,
			);
			path = "Preview Content";
			sourceTree = "<group>";
		};
		F7A964C62799B6940058C228 /* GreeedyiOSTests */ = {
			isa = PBXGroup;
			children = (
				F7A964C72799B6940058C228 /* GreeedyiOSTests.swift */,
			);
			path = GreeedyiOSTests;
			sourceTree = "<group>";
		};
		F7A964D02799B6940058C228 /* GreeedyiOSUITests */ = {
			isa = PBXGroup;
			children = (
				F7A964D12799B6940058C228 /* GreeedyiOSUITests.swift */,
				F7A964D32799B6940058C228 /* GreeedyiOSUITestsLaunchTests.swift */,
			);
			path = GreeedyiOSUITests;
			sourceTree = "<group>";
		};
/* End PBXGroup section */

/* Begin PBXNativeTarget section */
		F7A964B22799B68F0058C228 /* GreeedyiOS */ = {
			isa = PBXNativeTarget;
			buildConfigurationList = F7A964D72799B6940058C228 /* Build configuration list for PBXNativeTarget "GreeedyiOS" */;
			buildPhases = (
				F7A964AF2799B68F0058C228 /* Sources */,
				F7A964B02799B68F0058C228 /* Frameworks */,
				F7A964B12799B68F0058C228 /* Resources */,
			);
			buildRules = (
			);
			dependencies = (
			);
			name = GreeedyiOS;
			productName = GreeedyiOS;
			productReference = F7A964B32799B68F0058C228 /* GreeedyiOS.app */;
			productType = "com.apple.product-type.application";
		};
		F7A964C22799B6940058C228 /* GreeedyiOSTests */ = {
			isa = PBXNativeTarget;
			buildConfigurationList = F7A964DA2799B6940058C228 /* Build configuration list for PBXNativeTarget "GreeedyiOSTests" */;
			buildPhases = (
				F7A964BF2799B6940058C228 /* Sources */,
				F7A964C02799B6940058C228 /* Frameworks */,
				F7A964C12799B6940058C228 /* Resources */,
			);
			buildRules = (
			);
			dependencies = (
				F7A964C52799B6940058C228 /* PBXTargetDependency */,
			);
			name = GreeedyiOSTests;
			productName = GreeedyiOSTests;
			productReference = F7A964C32799B6940058C228 /* GreeedyiOSTests.xctest */;
			productType = "com.apple.product-type.bundle.unit-test";
		};
		F7A964CC2799B6940058C228 /* GreeedyiOSUITests */ = {
			isa = PBXNativeTarget;
			buildConfigurationList = F7A964DD2799B6940058C228 /* Build configuration list for PBXNativeTarget "GreeedyiOSUITests" */;
			buildPhases = (
				F7A964C92799B6940058C228 /* Sources */,
				F7A964CA2799B6940058C228 /* Frameworks */,
				F7A964CB2799B6940058C228 /* Resources */,
			);
			buildRules = (
			);
			dependencies = (
				F7A964CF2799B6940058C228 /* PBXTargetDependency */,
			);
			name = GreeedyiOSUITests;
			productName = GreeedyiOSUITests;
			productReference = F7A964CD2799B6940058C228 /* GreeedyiOSUITests.xctest */;
			productType = "com.apple.product-type.bundle.ui-testing";
		};
/* End PBXNativeTarget section */

/* Begin PBXProject section */
		F7A964AB2799B68F0058C228 /* Project object */ = {
			isa = PBXProject;
			attributes = {
				BuildIndependentTargetsInParallel = 1;
				LastSwiftUpdateCheck = 1320;
				LastUpgradeCheck = 1320;
				TargetAttributes = {
					F7A964B22799B68F0058C228 = {
						CreatedOnToolsVersion = 13.2.1;
					};
					F7A964C22799B6940058C228 = {
						CreatedOnToolsVersion = 13.2.1;
						TestTargetID = F7A964B22799B68F0058C228;
					};
					F7A964CC2799B6940058C228 = {
						CreatedOnToolsVersion = 13.2.1;
						TestTargetID = F7A964B22799B68F0058C228;
					};
				};
			};
			buildConfigurationList = F7A964AE2799B68F0058C228 /* Build configuration list for PBXProject "GreeedyiOS" */;
			compatibilityVersion = "Xcode 13.0";
			developmentRegion = en;
			hasScannedForEncodings = 0;
			knownRegions = (
				en,
				Base,
			);
			mainGroup = F7A964AA2799B68F0058C228;
			productRefGroup = F7A964B42799B68F0058C228 /* Products */;
			projectDirPath = "";
			projectRoot = "";
			targets = (
				F7A964B22799B68F0058C228 /* GreeedyiOS */,
				F7A964C22799B6940058C228 /* GreeedyiOSTests */,
				F7A964CC2799B6940058C228 /* GreeedyiOSUITests */,
			);
		};
/* End PBXProject section */

/* Begin PBXResourcesBuildPhase section */
		F7A964B12799B68F0058C228 /* Resources */ = {
			isa = PBXResourcesBuildPhase;
			buildActionMask = 2147483647;
			files = (
				F7A964BE2799B6930058C228 /* Preview Assets.xcassets in Resources */,
				F7A964BB2799B6930058C228 /* Assets.xcassets in Resources */,
			);
			runOnlyForDeploymentPostprocessing = 0;
		};
		F7A964C12799B6940058C228 /* Resources */ = {
			isa = PBXResourcesBuildPhase;
			buildActionMask = 2147483647;
			files = (
			);
			runOnlyForDeploymentPostprocessing = 0;
		};
		F7A964CB2799B6940058C228 /* Resources */ = {
			isa = PBXResourcesBuildPhase;
			buildActionMask = 2147483647;
			files = (
			);
			runOnlyForDeploymentPostprocessing = 0;
		};
/* End PBXResourcesBuildPhase section */

/* Begin PBXSourcesBuildPhase section */
		F7A964AF2799B68F0058C228 /* Sources */ = {
			isa = PBXSourcesBuildPhase;
			buildActionMask = 2147483647;
			files = (
				F7A964B92799B68F0058C228 /* ContentView.swift in Sources */,
				F7A964B72799B68F0058C228 /* GreeedyiOSApp.swift in Sources */,
			);
			runOnlyForDeploymentPostprocessing = 0;
		};
		F7A964BF2799B6940058C228 /* Sources */ = {
			isa = PBXSourcesBuildPhase;
			buildActionMask = 2147483647;
			files = (
				F7A964C82799B6940058C228 /* GreeedyiOSTests.swift in Sources */,
			);
			runOnlyForDeploymentPostprocessing = 0;
		};
		F7A964C92799B6940058C228 /* Sources */ = {
			isa = PBXSourcesBuildPhase;
			buildActionMask = 2147483647;
			files = (
				F7A964D42799B6940058C228 /* GreeedyiOSUITestsLaunchTests.swift in Sources */,
				F7A964D22799B6940058C228 /* GreeedyiOSUITests.swift in Sources */,
			);
			runOnlyForDeploymentPostprocessing = 0;
		};
/* End PBXSourcesBuildPhase section */

/* Begin PBXTargetDependency section */
		F7A964C52799B6940058C228 /* PBXTargetDependency */ = {
			isa = PBXTargetDependency;
			target = F7A964B22799B68F0058C228 /* GreeedyiOS */;
			targetProxy = F7A964C42799B6940058C228 /* PBXContainerItemProxy */;
		};
		F7A964CF2799B6940058C228 /* PBXTargetDependency */ = {
			isa = PBXTargetDependency;
			target = F7A964B22799B68F0058C228 /* GreeedyiOS */;
			targetProxy = F7A964CE2799B6940058C228 /* PBXContainerItemProxy */;
		};
/* End PBXTargetDependency section */

/* Begin XCBuildConfiguration section */
		F7A964D52799B6940058C228 /* Debug */ = {
			isa = XCBuildConfiguration;
			buildSettings = {
				ALWAYS_SEARCH_USER_PATHS = NO;
				CLANG_ANALYZER_NONNULL = YES;
				CLANG_ANALYZER_NUMBER_OBJECT_CONVERSION = YES_AGGRESSIVE;
				CLANG_CXX_LANGUAGE_STANDARD = "gnu++17";
				CLANG_CXX_LIBRARY = "libc++";
				CLANG_ENABLE_MODULES = YES;
				CLANG_ENABLE_OBJC_ARC = YES;
				CLANG_ENABLE_OBJC_WEAK = YES;
				CLANG_WARN_BLOCK_CAPTURE_AUTORELEASING = YES;
				CLANG_WARN_BOOL_CONVERSION = YES;
				CLANG_WARN_COMMA = YES;
				CLANG_WARN_CONSTANT_CONVERSION = YES;
				CLANG_WARN_DEPRECATED_OBJC_IMPLEMENTATIONS = YES;
				CLANG_WARN_DIRECT_OBJC_ISA_USAGE = YES_ERROR;
				CLANG_WARN_DOCUMENTATION_COMMENTS = YES;
				CLANG_WARN_EMPTY_BODY = YES;
				CLANG_WARN_ENUM_CONVERSION = YES;
				CLANG_WARN_INFINITE_RECURSION = YES;
				CLANG_WARN_INT_CONVERSION = YES;
				CLANG_WARN_NON_LITERAL_NULL_CONVERSION = YES;
				CLANG_WARN_OBJC_IMPLICIT_RETAIN_SELF = YES;
				CLANG_WARN_OBJC_LITERAL_CONVERSION = YES;
				CLANG_WARN_OBJC_ROOT_CLASS = YES_ERROR;
				CLANG_WARN_QUOTED_INCLUDE_IN_FRAMEWORK_HEADER = YES;
				CLANG_WARN_RANGE_LOOP_ANALYSIS = YES;
				CLANG_WARN_STRICT_PROTOTYPES = YES;
				CLANG_WARN_SUSPICIOUS_MOVE = YES;
				CLANG_WARN_UNGUARDED_AVAILABILITY = YES_AGGRESSIVE;
				CLANG_WARN_UNREACHABLE_CODE = YES;
				CLANG_WARN__DUPLICATE_METHOD_MATCH = YES;
				COPY_PHASE_STRIP = NO;
				DEBUG_INFORMATION_FORMAT = dwarf;
				ENABLE_STRICT_OBJC_MSGSEND = YES;
				ENABLE_TESTABILITY = YES;
				GCC_C_LANGUAGE_STANDARD = gnu11;
				GCC_DYNAMIC_NO_PIC = NO;
				GCC_NO_COMMON_BLOCKS = YES;
				GCC_OPTIMIZATION_LEVEL = 0;
				GCC_PREPROCESSOR_DEFINITIONS = (
					"DEBUG=1",
					"$(inherited)",
				);
				GCC_WARN_64_TO_32_BIT_CONVERSION = YES;
				GCC_WARN_ABOUT_RETURN_TYPE = YES_ERROR;
				GCC_WARN_UNDECLARED_SELECTOR = YES;
				GCC_WARN_UNINITIALIZED_AUTOS = YES_AGGRESSIVE;
				GCC_WARN_UNUSED_FUNCTION = YES;
				GCC_WARN_UNUSED_VARIABLE = YES;
				IPHONEOS_DEPLOYMENT_TARGET = 15.2;
				MTL_ENABLE_DEBUG_INFO = INCLUDE_SOURCE;
				MTL_FAST_MATH = YES;
				ONLY_ACTIVE_ARCH = YES;
				SDKROOT = iphoneos;
				SWIFT_ACTIVE_COMPILATION_CONDITIONS = DEBUG;
				SWIFT_OPTIMIZATION_LEVEL = "-Onone";
			};
			name = Debug;
		};
		F7A964D62799B6940058C228 /* Release */ = {
			isa = XCBuildConfiguration;
			buildSettings = {
				ALWAYS_SEARCH_USER_PATHS = NO;
				CLANG_ANALYZER_NONNULL = YES;
				CLANG_ANALYZER_NUMBER_OBJECT_CONVERSION = YES_AGGRESSIVE;
				CLANG_CXX_LANGUAGE_STANDARD = "gnu++17";
				CLANG_CXX_LIBRARY = "libc++";
				CLANG_ENABLE_MODULES = YES;
				CLANG_ENABLE_OBJC_ARC = YES;
				CLANG_ENABLE_OBJC_WEAK = YES;
				CLANG_WARN_BLOCK_CAPTURE_AUTORELEASING = YES;
				CLANG_WARN_BOOL_CONVERSION = YES;
				CLANG_WARN_COMMA = YES;
				CLANG_WARN_CONSTANT_CONVERSION = YES;
				CLANG_WARN_DEPRECATED_OBJC_IMPLEMENTATIONS = YES;
				CLANG_WARN_DIRECT_OBJC_ISA_USAGE = YES_ERROR;
				CLANG_WARN_DOCUMENTATION_COMMENTS = YES;
				CLANG_WARN_EMPTY_BODY = YES;
				CLANG_WARN_ENUM_CONVERSION = YES;
				CLANG_WARN_INFINITE_RECURSION = YES;
				CLANG_WARN_INT_CONVERSION = YES;
				CLANG_WARN_NON_LITERAL_NULL_CONVERSION = YES;
				CLANG_WARN_OBJC_IMPLICIT_RETAIN_SELF = YES;
				CLANG_WARN_OBJC_LITERAL_CONVERSION = YES;
				CLANG_WARN_OBJC_ROOT_CLASS = YES_ERROR;
				CLANG_WARN_QUOTED_INCLUDE_IN_FRAMEWORK_HEADER = YES;
				CLANG_WARN_RANGE_LOOP_ANALYSIS = YES;
				CLANG_WARN_STRICT_PROTOTYPES = YES;
				CLANG_WARN_SUSPICIOUS_MOVE = YES;
				CLANG_WARN_UNGUARDED_AVAILABILITY = YES_AGGRESSIVE;
				CLANG_WARN_UNREACHABLE_CODE = YES;
				CLANG_WARN__DUPLICATE_METHOD_MATCH = YES;
				COPY_PHASE_STRIP = NO;
				DEBUG_INFORMATION_FORMAT = "dwarf-with-dsym";
				ENABLE_NS_ASSERTIONS = NO;
				ENABLE_STRICT_OBJC_MSGSEND = YES;
				GCC_C_LANGUAGE_STANDARD = gnu11;
				GCC_NO_COMMON_BLOCKS = YES;
				GCC_WARN_64_TO_32_BIT_CONVERSION = YES;
				GCC_WARN_ABOUT_RETURN_TYPE = YES_ERROR;
				GCC_WARN_UNDECLARED_SELECTOR = YES;
				GCC_WARN_UNINITIALIZED_AUTOS = YES_AGGRESSIVE;
				GCC_WARN_UNUSED_FUNCTION = YES;
				GCC_WARN_UNUSED_VARIABLE = YES;
				IPHONEOS_DEPLOYMENT_TARGET = 15.2;
				MTL_ENABLE_DEBUG_INFO = NO;
				MTL_FAST_MATH = YES;
				SDKROOT = iphoneos;
				SWIFT_COMPILATION_MODE = wholemodule;
				SWIFT_OPTIMIZATION_LEVEL = "-O";
				VALIDATE_PRODUCT = YES;
			};
			name = Release;
		};
		F7A964D82799B6940058C228 /* Debug */ = {
			isa = XCBuildConfiguration;
			buildSettings = {
				ASSETCATALOG_COMPILER_APPICON_NAME = AppIcon;
				ASSETCATALOG_COMPILER_GLOBAL_ACCENT_COLOR_NAME = AccentColor;
				CODE_SIGN_STYLE = Automatic;
				CURRENT_PROJECT_VERSION = 1;
				DEVELOPMENT_ASSET_PATHS = "\"GreeedyiOS/Preview Content\"";
				DEVELOPMENT_TEAM = 87X35GQAUB;
				ENABLE_PREVIEWS = YES;
				GENERATE_INFOPLIST_FILE = YES;
				INFOPLIST_KEY_UIApplicationSceneManifest_Generation = YES;
				INFOPLIST_KEY_UIApplicationSupportsIndirectInputEvents = YES;
				INFOPLIST_KEY_UILaunchScreen_Generation = YES;
				INFOPLIST_KEY_UISupportedInterfaceOrientations_iPad = "UIInterfaceOrientationPortrait UIInterfaceOrientationPortraitUpsideDown UIInterfaceOrientationLandscapeLeft UIInterfaceOrientationLandscapeRight";
				INFOPLIST_KEY_UISupportedInterfaceOrientations_iPhone = "UIInterfaceOrientationPortrait UIInterfaceOrientationLandscapeLeft UIInterfaceOrientationLandscapeRight";
				LD_RUNPATH_SEARCH_PATHS = (
					"$(inherited)",
					"@executable_path/Frameworks",
				);
				MARKETING_VERSION = 1.0;
				PRODUCT_BUNDLE_IDENTIFIER = com.greeedy.GreeedyiOS;
				PRODUCT_NAME = "$(TARGET_NAME)";
				SWIFT_EMIT_LOC_STRINGS = YES;
				SWIFT_VERSION = 5.0;
				TARGETED_DEVICE_FAMILY = "1,2";
			};
			name = Debug;
		};
		F7A964D92799B6940058C228 /* Release */ = {
			isa = XCBuildConfiguration;
			buildSettings = {
				ASSETCATALOG_COMPILER_APPICON_NAME = AppIcon;
				ASSETCATALOG_COMPILER_GLOBAL_ACCENT_COLOR_NAME = AccentColor;
				CODE_SIGN_STYLE = Automatic;
				CURRENT_PROJECT_VERSION = 1;
				DEVELOPMENT_ASSET_PATHS = "\"GreeedyiOS/Preview Content\"";
				DEVELOPMENT_TEAM = 87X35GQAUB;
				ENABLE_PREVIEWS = YES;
				GENERATE_INFOPLIST_FILE = YES;
				INFOPLIST_KEY_UIApplicationSceneManifest_Generation = YES;
				INFOPLIST_KEY_UIApplicationSupportsIndirectInputEvents = YES;
				INFOPLIST_KEY_UILaunchScreen_Generation = YES;
				INFOPLIST_KEY_UISupportedInterfaceOrientations_iPad = "UIInterfaceOrientationPortrait UIInterfaceOrientationPortraitUpsideDown UIInterfaceOrientationLandscapeLeft UIInterfaceOrientationLandscapeRight";
				INFOPLIST_KEY_UISupportedInterfaceOrientations_iPhone = "UIInterfaceOrientationPortrait UIInterfaceOrientationLandscapeLeft UIInterfaceOrientationLandscapeRight";
				LD_RUNPATH_SEARCH_PATHS = (
					"$(inherited)",
					"@executable_path/Frameworks",
				);
				MARKETING_VERSION = 1.0;
				PRODUCT_BUNDLE_IDENTIFIER = com.greeedy.GreeedyiOS;
				PRODUCT_NAME = "$(TARGET_NAME)";
				SWIFT_EMIT_LOC_STRINGS = YES;
				SWIFT_VERSION = 5.0;
				TARGETED_DEVICE_FAMILY = "1,2";
			};
			name = Release;
		};
		F7A964DB2799B6940058C228 /* Debug */ = {
			isa = XCBuildConfiguration;
			buildSettings = {
				ALWAYS_EMBED_SWIFT_STANDARD_LIBRARIES = YES;
				BUNDLE_LOADER = "$(TEST_HOST)";
				CODE_SIGN_STYLE = Automatic;
				CURRENT_PROJECT_VERSION = 1;
				DEVELOPMENT_TEAM = 87X35GQAUB;
				GENERATE_INFOPLIST_FILE = YES;
				IPHONEOS_DEPLOYMENT_TARGET = 15.2;
				MARKETING_VERSION = 1.0;
				PRODUCT_BUNDLE_IDENTIFIER = com.greeedy.GreeedyiOSTests;
				PRODUCT_NAME = "$(TARGET_NAME)";
				SWIFT_EMIT_LOC_STRINGS = NO;
				SWIFT_VERSION = 5.0;
				TARGETED_DEVICE_FAMILY = "1,2";
				TEST_HOST = "$(BUILT_PRODUCTS_DIR)/GreeedyiOS.app/GreeedyiOS";
			};
			name = Debug;
		};
		F7A964DC2799B6940058C228 /* Release */ = {
			isa = XCBuildConfiguration;
			buildSettings = {
				ALWAYS_EMBED_SWIFT_STANDARD_LIBRARIES = YES;
				BUNDLE_LOADER = "$(TEST_HOST)";
				CODE_SIGN_STYLE = Automatic;
				CURRENT_PROJECT_VERSION = 1;
				DEVELOPMENT_TEAM = 87X35GQAUB;
				GENERATE_INFOPLIST_FILE = YES;
				IPHONEOS_DEPLOYMENT_TARGET = 15.2;
				MARKETING_VERSION = 1.0;
				PRODUCT_BUNDLE_IDENTIFIER = com.greeedy.GreeedyiOSTests;
				PRODUCT_NAME = "$(TARGET_NAME)";
				SWIFT_EMIT_LOC_STRINGS = NO;
				SWIFT_VERSION = 5.0;
				TARGETED_DEVICE_FAMILY = "1,2";
				TEST_HOST = "$(BUILT_PRODUCTS_DIR)/GreeedyiOS.app/GreeedyiOS";
			};
			name = Release;
		};
		F7A964DE2799B6940058C228 /* Debug */ = {
			isa = XCBuildConfiguration;
			buildSettings = {
				ALWAYS_EMBED_SWIFT_STANDARD_LIBRARIES = YES;
				CODE_SIGN_STYLE = Automatic;
				CURRENT_PROJECT_VERSION = 1;
				DEVELOPMENT_TEAM = 87X35GQAUB;
				GENERATE_INFOPLIST_FILE = YES;
				MARKETING_VERSION = 1.0;
				PRODUCT_BUNDLE_IDENTIFIER = com.greeedy.GreeedyiOSUITests;
				PRODUCT_NAME = "$(TARGET_NAME)";
				SWIFT_EMIT_LOC_STRINGS = NO;
				SWIFT_VERSION = 5.0;
				TARGETED_DEVICE_FAMILY = "1,2";
				TEST_TARGET_NAME = GreeedyiOS;
			};
			name = Debug;
		};
		F7A964DF2799B6940058C228 /* Release */ = {
			isa = XCBuildConfiguration;
			buildSettings = {
				ALWAYS_EMBED_SWIFT_STANDARD_LIBRARIES = YES;
				CODE_SIGN_STYLE = Automatic;
				CURRENT_PROJECT_VERSION = 1;
				DEVELOPMENT_TEAM = 87X35GQAUB;
				GENERATE_INFOPLIST_FILE = YES;
				MARKETING_VERSION = 1.0;
				PRODUCT_BUNDLE_IDENTIFIER = com.greeedy.GreeedyiOSUITests;
				PRODUCT_NAME = "$(TARGET_NAME)";
				SWIFT_EMIT_LOC_STRINGS = NO;
				SWIFT_VERSION = 5.0;
				TARGETED_DEVICE_FAMILY = "1,2";
				TEST_TARGET_NAME = GreeedyiOS;
			};
			name = Release;
		};
/* End XCBuildConfiguration section */

/* Begin XCConfigurationList section */
		F7A964AE2799B68F0058C228 /* Build configuration list for PBXProject "GreeedyiOS" */ = {
			isa = XCConfigurationList;
			buildConfigurations = (
				F7A964D52799B6940058C228 /* Debug */,
				F7A964D62799B6940058C228 /* Release */,
			);
			defaultConfigurationIsVisible = 0;
			defaultConfigurationName = Release;
		};
		F7A964D72799B6940058C228 /* Build configuration list for PBXNativeTarget "GreeedyiOS" */ = {
			isa = XCConfigurationList;
			buildConfigurations = (
				F7A964D82799B6940058C228 /* Debug */,
				F7A964D92799B6940058C228 /* Release */,
			);
			defaultConfigurationIsVisible = 0;
			defaultConfigurationName = Release;
		};
		F7A964DA2799B6940058C228 /* Build configuration list for PBXNativeTarget "GreeedyiOSTests" */ = {
			isa = XCConfigurationList;
			buildConfigurations = (
				F7A964DB2799B6940058C228 /* Debug */,
				F7A964DC2799B6940058C228 /* Release */,
			);
			defaultConfigurationIsVisible = 0;
			defaultConfigurationName = Release;
		};
		F7A964DD2799B6940058C228 /* Build configuration list for PBXNativeTarget "GreeedyiOSUITests" */ = {
			isa = XCConfigurationList;
			buildConfigurations = (
				F7A964DE2799B6940058C228 /* Debug */,
				F7A964DF2799B6940058C228 /* Release */,
			);
			defaultConfigurationIsVisible = 0;
			defaultConfigurationName = Release;
		};
/* End XCConfigurationList section */
	};
	rootObject = F7A964AB2799B68F0058C228 /* Project object */;
}
